// !$*UTF8*$!
{
	archiveVersion = 1;
	classes = {
	};
	objectVersion = 55;
	objects = {

/* Begin PBXBuildFile section */
		916BCABD277335E0003373B9 /* AppDelegate.swift in Sources */ = {isa = PBXBuildFile; fileRef = 916BCABC277335E0003373B9 /* AppDelegate.swift */; };
		916BCABF277335E0003373B9 /* SceneDelegate.swift in Sources */ = {isa = PBXBuildFile; fileRef = 916BCABE277335E0003373B9 /* SceneDelegate.swift */; };
		916BCAC1277335E0003373B9 /* ViewController.swift in Sources */ = {isa = PBXBuildFile; fileRef = 916BCAC0277335E0003373B9 /* ViewController.swift */; };
		916BCAC4277335E0003373B9 /* Main.storyboard in Resources */ = {isa = PBXBuildFile; fileRef = 916BCAC2277335E0003373B9 /* Main.storyboard */; };
		916BCAC6277335E6003373B9 /* Assets.xcassets in Resources */ = {isa = PBXBuildFile; fileRef = 916BCAC5277335E6003373B9 /* Assets.xcassets */; };
		916BCAC9277335E6003373B9 /* LaunchScreen.storyboard in Resources */ = {isa = PBXBuildFile; fileRef = 916BCAC7277335E6003373B9 /* LaunchScreen.storyboard */; };
		916BCAD427733680003373B9 /* Localizable.strings in Resources */ = {isa = PBXBuildFile; fileRef = 916BCAD627733680003373B9 /* Localizable.strings */; };
		916BCAE3277337FB003373B9 /* StreamingKit.docc in Sources */ = {isa = PBXBuildFile; fileRef = 916BCAE2277337FB003373B9 /* StreamingKit.docc */; };
		916BCAE4277337FB003373B9 /* StreamingKit.h in Headers */ = {isa = PBXBuildFile; fileRef = 916BCAE1277337FA003373B9 /* StreamingKit.h */; settings = {ATTRIBUTES = (Public, ); }; };
		916BCAE7277337FB003373B9 /* StreamingKit.framework in Frameworks */ = {isa = PBXBuildFile; fileRef = 916BCADF277337FA003373B9 /* StreamingKit.framework */; };
		916BCAE8277337FB003373B9 /* StreamingKit.framework in Embed Frameworks */ = {isa = PBXBuildFile; fileRef = 916BCADF277337FA003373B9 /* StreamingKit.framework */; settings = {ATTRIBUTES = (CodeSignOnCopy, RemoveHeadersOnCopy, ); }; };
		916BCAEE2773381C003373B9 /* StreamingVideoPlayer.swift in Sources */ = {isa = PBXBuildFile; fileRef = 916BCAED2773381B003373B9 /* StreamingVideoPlayer.swift */; };
/* End PBXBuildFile section */

/* Begin PBXContainerItemProxy section */
		916BCAE5277337FB003373B9 /* PBXContainerItemProxy */ = {
			isa = PBXContainerItemProxy;
			containerPortal = 916BCAB1277335E0003373B9 /* Project object */;
			proxyType = 1;
			remoteGlobalIDString = 916BCADE277337FA003373B9;
			remoteInfo = StreamingKit;
		};
/* End PBXContainerItemProxy section */

/* Begin PBXCopyFilesBuildPhase section */
		916BCAEC277337FB003373B9 /* Embed Frameworks */ = {
			isa = PBXCopyFilesBuildPhase;
			buildActionMask = 2147483647;
			dstPath = "";
			dstSubfolderSpec = 10;
			files = (
				916BCAE8277337FB003373B9 /* StreamingKit.framework in Embed Frameworks */,
			);
			name = "Embed Frameworks";
			runOnlyForDeploymentPostprocessing = 0;
		};
/* End PBXCopyFilesBuildPhase section */

/* Begin PBXFileReference section */
		916BCAB9277335E0003373B9 /* StreamingPractice.app */ = {isa = PBXFileReference; explicitFileType = wrapper.application; includeInIndex = 0; path = StreamingPractice.app; sourceTree = BUILT_PRODUCTS_DIR; };
		916BCABC277335E0003373B9 /* AppDelegate.swift */ = {isa = PBXFileReference; lastKnownFileType = sourcecode.swift; path = AppDelegate.swift; sourceTree = "<group>"; };
		916BCABE277335E0003373B9 /* SceneDelegate.swift */ = {isa = PBXFileReference; lastKnownFileType = sourcecode.swift; path = SceneDelegate.swift; sourceTree = "<group>"; };
		916BCAC0277335E0003373B9 /* ViewController.swift */ = {isa = PBXFileReference; lastKnownFileType = sourcecode.swift; path = ViewController.swift; sourceTree = "<group>"; };
		916BCAC3277335E0003373B9 /* Base */ = {isa = PBXFileReference; lastKnownFileType = file.storyboard; name = Base; path = Base.lproj/Main.storyboard; sourceTree = "<group>"; };
		916BCAC5277335E6003373B9 /* Assets.xcassets */ = {isa = PBXFileReference; lastKnownFileType = folder.assetcatalog; path = Assets.xcassets; sourceTree = "<group>"; };
		916BCAC8277335E6003373B9 /* Base */ = {isa = PBXFileReference; lastKnownFileType = file.storyboard; name = Base; path = Base.lproj/LaunchScreen.storyboard; sourceTree = "<group>"; };
		916BCACA277335E6003373B9 /* Info.plist */ = {isa = PBXFileReference; lastKnownFileType = text.plist.xml; path = Info.plist; sourceTree = "<group>"; };
		916BCAD1277335FF003373B9 /* zh-Hans */ = {isa = PBXFileReference; lastKnownFileType = text.plist.strings; name = "zh-Hans"; path = "zh-Hans.lproj/LaunchScreen.strings"; sourceTree = "<group>"; };
		916BCAD527733680003373B9 /* en */ = {isa = PBXFileReference; lastKnownFileType = text.plist.strings; name = en; path = en.lproj/Localizable.strings; sourceTree = "<group>"; };
		916BCAD727733685003373B9 /* zh-Hans */ = {isa = PBXFileReference; lastKnownFileType = text.plist.strings; name = "zh-Hans"; path = "zh-Hans.lproj/Localizable.strings"; sourceTree = "<group>"; };
		916BCADF277337FA003373B9 /* StreamingKit.framework */ = {isa = PBXFileReference; explicitFileType = wrapper.framework; includeInIndex = 0; path = StreamingKit.framework; sourceTree = BUILT_PRODUCTS_DIR; };
		916BCAE1277337FA003373B9 /* StreamingKit.h */ = {isa = PBXFileReference; lastKnownFileType = sourcecode.c.h; path = StreamingKit.h; sourceTree = "<group>"; };
		916BCAE2277337FB003373B9 /* StreamingKit.docc */ = {isa = PBXFileReference; lastKnownFileType = folder.documentationcatalog; path = StreamingKit.docc; sourceTree = "<group>"; };
		916BCAED2773381B003373B9 /* StreamingVideoPlayer.swift */ = {isa = PBXFileReference; lastKnownFileType = sourcecode.swift; path = StreamingVideoPlayer.swift; sourceTree = "<group>"; };
/* End PBXFileReference section */

/* Begin PBXFrameworksBuildPhase section */
		916BCAB6277335E0003373B9 /* Frameworks */ = {
			isa = PBXFrameworksBuildPhase;
			buildActionMask = 2147483647;
			files = (
				916BCAE7277337FB003373B9 /* StreamingKit.framework in Frameworks */,
			);
			runOnlyForDeploymentPostprocessing = 0;
		};
		916BCADC277337FA003373B9 /* Frameworks */ = {
			isa = PBXFrameworksBuildPhase;
			buildActionMask = 2147483647;
			files = (
			);
			runOnlyForDeploymentPostprocessing = 0;
		};
/* End PBXFrameworksBuildPhase section */

/* Begin PBXGroup section */
		916BCAB0277335E0003373B9 = {
			isa = PBXGroup;
			children = (
				916BCABB277335E0003373B9 /* StreamingPractice */,
				916BCAE0277337FA003373B9 /* StreamingKit */,
				916BCABA277335E0003373B9 /* Products */,
			);
			sourceTree = "<group>";
		};
		916BCABA277335E0003373B9 /* Products */ = {
			isa = PBXGroup;
			children = (
				916BCAB9277335E0003373B9 /* StreamingPractice.app */,
				916BCADF277337FA003373B9 /* StreamingKit.framework */,
			);
			name = Products;
			sourceTree = "<group>";
		};
		916BCABB277335E0003373B9 /* StreamingPractice */ = {
			isa = PBXGroup;
			children = (
				916BCABC277335E0003373B9 /* AppDelegate.swift */,
				916BCABE277335E0003373B9 /* SceneDelegate.swift */,
				916BCAC0277335E0003373B9 /* ViewController.swift */,
				916BCAC2277335E0003373B9 /* Main.storyboard */,
				916BCAC5277335E6003373B9 /* Assets.xcassets */,
				916BCAC7277335E6003373B9 /* LaunchScreen.storyboard */,
				916BCACA277335E6003373B9 /* Info.plist */,
				916BCAD627733680003373B9 /* Localizable.strings */,
			);
			path = StreamingPractice;
			sourceTree = "<group>";
		};
		916BCAE0277337FA003373B9 /* StreamingKit */ = {
			isa = PBXGroup;
			children = (
				916BCAE1277337FA003373B9 /* StreamingKit.h */,
				916BCAED2773381B003373B9 /* StreamingVideoPlayer.swift */,
				916BCAE2277337FB003373B9 /* StreamingKit.docc */,
			);
			path = StreamingKit;
			sourceTree = "<group>";
		};
/* End PBXGroup section */

/* Begin PBXHeadersBuildPhase section */
		916BCADA277337FA003373B9 /* Headers */ = {
			isa = PBXHeadersBuildPhase;
			buildActionMask = 2147483647;
			files = (
				916BCAE4277337FB003373B9 /* StreamingKit.h in Headers */,
			);
			runOnlyForDeploymentPostprocessing = 0;
		};
/* End PBXHeadersBuildPhase section */

/* Begin PBXNativeTarget section */
		916BCAB8277335E0003373B9 /* StreamingPractice */ = {
			isa = PBXNativeTarget;
			buildConfigurationList = 916BCACD277335E6003373B9 /* Build configuration list for PBXNativeTarget "StreamingPractice" */;
			buildPhases = (
				916BCAB5277335E0003373B9 /* Sources */,
				916BCAB6277335E0003373B9 /* Frameworks */,
				916BCAB7277335E0003373B9 /* Resources */,
				916BCAEC277337FB003373B9 /* Embed Frameworks */,
			);
			buildRules = (
			);
			dependencies = (
				916BCAE6277337FB003373B9 /* PBXTargetDependency */,
			);
			name = StreamingPractice;
			productName = StreamingPractice;
			productReference = 916BCAB9277335E0003373B9 /* StreamingPractice.app */;
			productType = "com.apple.product-type.application";
		};
		916BCADE277337FA003373B9 /* StreamingKit */ = {
			isa = PBXNativeTarget;
			buildConfigurationList = 916BCAE9277337FB003373B9 /* Build configuration list for PBXNativeTarget "StreamingKit" */;
			buildPhases = (
				916BCADA277337FA003373B9 /* Headers */,
				916BCADB277337FA003373B9 /* Sources */,
				916BCADC277337FA003373B9 /* Frameworks */,
				916BCADD277337FA003373B9 /* Resources */,
			);
			buildRules = (
			);
			dependencies = (
			);
			name = StreamingKit;
			productName = StreamingKit;
			productReference = 916BCADF277337FA003373B9 /* StreamingKit.framework */;
			productType = "com.apple.product-type.framework";
		};
/* End PBXNativeTarget section */

/* Begin PBXProject section */
		916BCAB1277335E0003373B9 /* Project object */ = {
			isa = PBXProject;
			attributes = {
				BuildIndependentTargetsInParallel = 1;
				LastSwiftUpdateCheck = 1300;
				LastUpgradeCheck = 1300;
				TargetAttributes = {
					916BCAB8277335E0003373B9 = {
						CreatedOnToolsVersion = 13.0;
					};
					916BCADE277337FA003373B9 = {
						CreatedOnToolsVersion = 13.0;
					};
				};
			};
			buildConfigurationList = 916BCAB4277335E0003373B9 /* Build configuration list for PBXProject "StreamingPractice" */;
			compatibilityVersion = "Xcode 13.0";
			developmentRegion = en;
			hasScannedForEncodings = 0;
			knownRegions = (
				en,
				Base,
				"zh-Hans",
			);
			mainGroup = 916BCAB0277335E0003373B9;
			productRefGroup = 916BCABA277335E0003373B9 /* Products */;
			projectDirPath = "";
			projectRoot = "";
			targets = (
				916BCAB8277335E0003373B9 /* StreamingPractice */,
				916BCADE277337FA003373B9 /* StreamingKit */,
			);
		};
/* End PBXProject section */

/* Begin PBXResourcesBuildPhase section */
		916BCAB7277335E0003373B9 /* Resources */ = {
			isa = PBXResourcesBuildPhase;
			buildActionMask = 2147483647;
			files = (
				916BCAC9277335E6003373B9 /* LaunchScreen.storyboard in Resources */,
				916BCAD427733680003373B9 /* Localizable.strings in Resources */,
				916BCAC6277335E6003373B9 /* Assets.xcassets in Resources */,
				916BCAC4277335E0003373B9 /* Main.storyboard in Resources */,
			);
			runOnlyForDeploymentPostprocessing = 0;
		};
		916BCADD277337FA003373B9 /* Resources */ = {
			isa = PBXResourcesBuildPhase;
			buildActionMask = 2147483647;
			files = (
			);
			runOnlyForDeploymentPostprocessing = 0;
		};
/* End PBXResourcesBuildPhase section */

/* Begin PBXSourcesBuildPhase section */
		916BCAB5277335E0003373B9 /* Sources */ = {
			isa = PBXSourcesBuildPhase;
			buildActionMask = 2147483647;
			files = (
				916BCAC1277335E0003373B9 /* ViewController.swift in Sources */,
				916BCABD277335E0003373B9 /* AppDelegate.swift in Sources */,
				916BCABF277335E0003373B9 /* SceneDelegate.swift in Sources */,
			);
			runOnlyForDeploymentPostprocessing = 0;
		};
		916BCADB277337FA003373B9 /* Sources */ = {
			isa = PBXSourcesBuildPhase;
			buildActionMask = 2147483647;
			files = (
				916BCAEE2773381C003373B9 /* StreamingVideoPlayer.swift in Sources */,
				916BCAE3277337FB003373B9 /* StreamingKit.docc in Sources */,
			);
			runOnlyForDeploymentPostprocessing = 0;
		};
/* End PBXSourcesBuildPhase section */

/* Begin PBXTargetDependency section */
		916BCAE6277337FB003373B9 /* PBXTargetDependency */ = {
			isa = PBXTargetDependency;
			target = 916BCADE277337FA003373B9 /* StreamingKit */;
			targetProxy = 916BCAE5277337FB003373B9 /* PBXContainerItemProxy */;
		};
/* End PBXTargetDependency section */

/* Begin PBXVariantGroup section */
		916BCAC2277335E0003373B9 /* Main.storyboard */ = {
			isa = PBXVariantGroup;
			children = (
				916BCAC3277335E0003373B9 /* Base */,
			);
			name = Main.storyboard;
			sourceTree = "<group>";
		};
		916BCAC7277335E6003373B9 /* LaunchScreen.storyboard */ = {
			isa = PBXVariantGroup;
			children = (
				916BCAC8277335E6003373B9 /* Base */,
				916BCAD1277335FF003373B9 /* zh-Hans */,
			);
			name = LaunchScreen.storyboard;
			sourceTree = "<group>";
		};
		916BCAD627733680003373B9 /* Localizable.strings */ = {
			isa = PBXVariantGroup;
			children = (
				916BCAD527733680003373B9 /* en */,
				916BCAD727733685003373B9 /* zh-Hans */,
			);
			name = Localizable.strings;
			sourceTree = "<group>";
		};
/* End PBXVariantGroup section */

/* Begin XCBuildConfiguration section */
		916BCACB277335E6003373B9 /* Debug */ = {
			isa = XCBuildConfiguration;
			buildSettings = {
				ALWAYS_SEARCH_USER_PATHS = NO;
				CLANG_ANALYZER_LOCALIZABILITY_NONLOCALIZED = YES;
				CLANG_ANALYZER_NONNULL = YES;
				CLANG_ANALYZER_NUMBER_OBJECT_CONVERSION = YES_AGGRESSIVE;
				CLANG_CXX_LANGUAGE_STANDARD = "gnu++17";
				CLANG_CXX_LIBRARY = "libc++";
				CLANG_ENABLE_MODULES = YES;
				CLANG_ENABLE_OBJC_ARC = YES;
				CLANG_ENABLE_OBJC_WEAK = YES;
				CLANG_WARN_BLOCK_CAPTURE_AUTORELEASING = YES;
				CLANG_WARN_BOOL_CONVERSION = YES;
				CLANG_WARN_COMMA = YES;
				CLANG_WARN_CONSTANT_CONVERSION = YES;
				CLANG_WARN_DEPRECATED_OBJC_IMPLEMENTATIONS = YES;
				CLANG_WARN_DIRECT_OBJC_ISA_USAGE = YES_ERROR;
				CLANG_WARN_DOCUMENTATION_COMMENTS = YES;
				CLANG_WARN_EMPTY_BODY = YES;
				CLANG_WARN_ENUM_CONVERSION = YES;
				CLANG_WARN_INFINITE_RECURSION = YES;
				CLANG_WARN_INT_CONVERSION = YES;
				CLANG_WARN_NON_LITERAL_NULL_CONVERSION = YES;
				CLANG_WARN_OBJC_IMPLICIT_RETAIN_SELF = YES;
				CLANG_WARN_OBJC_LITERAL_CONVERSION = YES;
				CLANG_WARN_OBJC_ROOT_CLASS = YES_ERROR;
				CLANG_WARN_QUOTED_INCLUDE_IN_FRAMEWORK_HEADER = YES;
				CLANG_WARN_RANGE_LOOP_ANALYSIS = YES;
				CLANG_WARN_STRICT_PROTOTYPES = YES;
				CLANG_WARN_SUSPICIOUS_MOVE = YES;
				CLANG_WARN_UNGUARDED_AVAILABILITY = YES_AGGRESSIVE;
				CLANG_WARN_UNREACHABLE_CODE = YES;
				CLANG_WARN__DUPLICATE_METHOD_MATCH = YES;
				COPY_PHASE_STRIP = NO;
				DEBUG_INFORMATION_FORMAT = dwarf;
				ENABLE_STRICT_OBJC_MSGSEND = YES;
				ENABLE_TESTABILITY = YES;
				GCC_C_LANGUAGE_STANDARD = gnu11;
				GCC_DYNAMIC_NO_PIC = NO;
				GCC_NO_COMMON_BLOCKS = YES;
				GCC_OPTIMIZATION_LEVEL = 0;
				GCC_PREPROCESSOR_DEFINITIONS = (
					"DEBUG=1",
					"$(inherited)",
				);
				GCC_WARN_64_TO_32_BIT_CONVERSION = YES;
				GCC_WARN_ABOUT_RETURN_TYPE = YES_ERROR;
				GCC_WARN_UNDECLARED_SELECTOR = YES;
				GCC_WARN_UNINITIALIZED_AUTOS = YES_AGGRESSIVE;
				GCC_WARN_UNUSED_FUNCTION = YES;
				GCC_WARN_UNUSED_VARIABLE = YES;
				IPHONEOS_DEPLOYMENT_TARGET = 15.0;
				MTL_ENABLE_DEBUG_INFO = INCLUDE_SOURCE;
				MTL_FAST_MATH = YES;
				ONLY_ACTIVE_ARCH = YES;
				SDKROOT = iphoneos;
				SWIFT_ACTIVE_COMPILATION_CONDITIONS = DEBUG;
				SWIFT_OPTIMIZATION_LEVEL = "-Onone";
			};
			name = Debug;
		};
		916BCACC277335E6003373B9 /* Release */ = {
			isa = XCBuildConfiguration;
			buildSettings = {
				ALWAYS_SEARCH_USER_PATHS = NO;
				CLANG_ANALYZER_LOCALIZABILITY_NONLOCALIZED = YES;
				CLANG_ANALYZER_NONNULL = YES;
				CLANG_ANALYZER_NUMBER_OBJECT_CONVERSION = YES_AGGRESSIVE;
				CLANG_CXX_LANGUAGE_STANDARD = "gnu++17";
				CLANG_CXX_LIBRARY = "libc++";
				CLANG_ENABLE_MODULES = YES;
				CLANG_ENABLE_OBJC_ARC = YES;
				CLANG_ENABLE_OBJC_WEAK = YES;
				CLANG_WARN_BLOCK_CAPTURE_AUTORELEASING = YES;
				CLANG_WARN_BOOL_CONVERSION = YES;
				CLANG_WARN_COMMA = YES;
				CLANG_WARN_CONSTANT_CONVERSION = YES;
				CLANG_WARN_DEPRECATED_OBJC_IMPLEMENTATIONS = YES;
				CLANG_WARN_DIRECT_OBJC_ISA_USAGE = YES_ERROR;
				CLANG_WARN_DOCUMENTATION_COMMENTS = YES;
				CLANG_WARN_EMPTY_BODY = YES;
				CLANG_WARN_ENUM_CONVERSION = YES;
				CLANG_WARN_INFINITE_RECURSION = YES;
				CLANG_WARN_INT_CONVERSION = YES;
				CLANG_WARN_NON_LITERAL_NULL_CONVERSION = YES;
				CLANG_WARN_OBJC_IMPLICIT_RETAIN_SELF = YES;
				CLANG_WARN_OBJC_LITERAL_CONVERSION = YES;
				CLANG_WARN_OBJC_ROOT_CLASS = YES_ERROR;
				CLANG_WARN_QUOTED_INCLUDE_IN_FRAMEWORK_HEADER = YES;
				CLANG_WARN_RANGE_LOOP_ANALYSIS = YES;
				CLANG_WARN_STRICT_PROTOTYPES = YES;
				CLANG_WARN_SUSPICIOUS_MOVE = YES;
				CLANG_WARN_UNGUARDED_AVAILABILITY = YES_AGGRESSIVE;
				CLANG_WARN_UNREACHABLE_CODE = YES;
				CLANG_WARN__DUPLICATE_METHOD_MATCH = YES;
				COPY_PHASE_STRIP = NO;
				DEBUG_INFORMATION_FORMAT = "dwarf-with-dsym";
				ENABLE_NS_ASSERTIONS = NO;
				ENABLE_STRICT_OBJC_MSGSEND = YES;
				GCC_C_LANGUAGE_STANDARD = gnu11;
				GCC_NO_COMMON_BLOCKS = YES;
				GCC_WARN_64_TO_32_BIT_CONVERSION = YES;
				GCC_WARN_ABOUT_RETURN_TYPE = YES_ERROR;
				GCC_WARN_UNDECLARED_SELECTOR = YES;
				GCC_WARN_UNINITIALIZED_AUTOS = YES_AGGRESSIVE;
				GCC_WARN_UNUSED_FUNCTION = YES;
				GCC_WARN_UNUSED_VARIABLE = YES;
				IPHONEOS_DEPLOYMENT_TARGET = 15.0;
				MTL_ENABLE_DEBUG_INFO = NO;
				MTL_FAST_MATH = YES;
				SDKROOT = iphoneos;
				SWIFT_COMPILATION_MODE = wholemodule;
				SWIFT_OPTIMIZATION_LEVEL = "-O";
				VALIDATE_PRODUCT = YES;
			};
			name = Release;
		};
		916BCACE277335E6003373B9 /* Debug */ = {
			isa = XCBuildConfiguration;
			buildSettings = {
				ALWAYS_EMBED_SWIFT_STANDARD_LIBRARIES = YES;
				ASSETCATALOG_COMPILER_APPICON_NAME = AppIcon;
				ASSETCATALOG_COMPILER_GLOBAL_ACCENT_COLOR_NAME = AccentColor;
				CODE_SIGN_STYLE = Automatic;
				CURRENT_PROJECT_VERSION = 1;
				DEVELOPMENT_TEAM = VWDLUM96X8;
				GENERATE_INFOPLIST_FILE = YES;
				INFOPLIST_FILE = StreamingPractice/Info.plist;
				INFOPLIST_KEY_UIApplicationSupportsIndirectInputEvents = YES;
				INFOPLIST_KEY_UILaunchStoryboardName = LaunchScreen;
				INFOPLIST_KEY_UIMainStoryboardFile = Main;
				INFOPLIST_KEY_UISupportedInterfaceOrientations_iPad = "UIInterfaceOrientationPortrait UIInterfaceOrientationPortraitUpsideDown UIInterfaceOrientationLandscapeLeft UIInterfaceOrientationLandscapeRight";
				INFOPLIST_KEY_UISupportedInterfaceOrientations_iPhone = "UIInterfaceOrientationPortrait UIInterfaceOrientationLandscapeLeft UIInterfaceOrientationLandscapeRight";
				LD_RUNPATH_SEARCH_PATHS = (
					"$(inherited)",
					"@executable_path/Frameworks",
				);
				MARKETING_VERSION = 1.0;
				PRODUCT_BUNDLE_IDENTIFIER = individualStudio.StreamingPractice;
				PRODUCT_NAME = "$(TARGET_NAME)";
				SWIFT_EMIT_LOC_STRINGS = YES;
				SWIFT_VERSION = 5.0;
				TARGETED_DEVICE_FAMILY = "1,2";
			};
			name = Debug;
		};
		916BCACF277335E6003373B9 /* Release */ = {
			isa = XCBuildConfiguration;
			buildSettings = {
				ALWAYS_EMBED_SWIFT_STANDARD_LIBRARIES = YES;
				ASSETCATALOG_COMPILER_APPICON_NAME = AppIcon;
				ASSETCATALOG_COMPILER_GLOBAL_ACCENT_COLOR_NAME = AccentColor;
				CODE_SIGN_STYLE = Automatic;
				CURRENT_PROJECT_VERSION = 1;
				DEVELOPMENT_TEAM = VWDLUM96X8;
				GENERATE_INFOPLIST_FILE = YES;
				INFOPLIST_FILE = StreamingPractice/Info.plist;
				INFOPLIST_KEY_UIApplicationSupportsIndirectInputEvents = YES;
				INFOPLIST_KEY_UILaunchStoryboardName = LaunchScreen;
				INFOPLIST_KEY_UIMainStoryboardFile = Main;
				INFOPLIST_KEY_UISupportedInterfaceOrientations_iPad = "UIInterfaceOrientationPortrait UIInterfaceOrientationPortraitUpsideDown UIInterfaceOrientationLandscapeLeft UIInterfaceOrientationLandscapeRight";
				INFOPLIST_KEY_UISupportedInterfaceOrientations_iPhone = "UIInterfaceOrientationPortrait UIInterfaceOrientationLandscapeLeft UIInterfaceOrientationLandscapeRight";
				LD_RUNPATH_SEARCH_PATHS = (
					"$(inherited)",
					"@executable_path/Frameworks",
				);
				MARKETING_VERSION = 1.0;
				PRODUCT_BUNDLE_IDENTIFIER = individualStudio.StreamingPractice;
				PRODUCT_NAME = "$(TARGET_NAME)";
				SWIFT_EMIT_LOC_STRINGS = YES;
				SWIFT_VERSION = 5.0;
				TARGETED_DEVICE_FAMILY = "1,2";
			};
			name = Release;
		};
		916BCAEA277337FB003373B9 /* Debug */ = {
			isa = XCBuildConfiguration;
			buildSettings = {
				CODE_SIGN_STYLE = Automatic;
				CURRENT_PROJECT_VERSION = 1;
				DEFINES_MODULE = YES;
				DEVELOPMENT_TEAM = VWDLUM96X8;
				DYLIB_COMPATIBILITY_VERSION = 1;
				DYLIB_CURRENT_VERSION = 1;
				DYLIB_INSTALL_NAME_BASE = "@rpath";
				GENERATE_INFOPLIST_FILE = YES;
				INFOPLIST_KEY_NSHumanReadableCopyright = "";
				INSTALL_PATH = "$(LOCAL_LIBRARY_DIR)/Frameworks";
				LD_RUNPATH_SEARCH_PATHS = (
					"$(inherited)",
					"@executable_path/Frameworks",
					"@loader_path/Frameworks",
				);
				MARKETING_VERSION = 1.0;
				PRODUCT_BUNDLE_IDENTIFIER = individualStudio.StreamingKit;
				PRODUCT_NAME = "$(TARGET_NAME:c99extidentifier)";
				SKIP_INSTALL = YES;
				SWIFT_EMIT_LOC_STRINGS = YES;
				SWIFT_VERSION = 5.0;
				TARGETED_DEVICE_FAMILY = "1,2";
				VERSIONING_SYSTEM = "apple-generic";
				VERSION_INFO_PREFIX = "";
			};
			name = Debug;
		};
		916BCAEB277337FB003373B9 /* Release */ = {
			isa = XCBuildConfiguration;
			buildSettings = {
				CODE_SIGN_STYLE = Automatic;
				CURRENT_PROJECT_VERSION = 1;
				DEFINES_MODULE = YES;
				DEVELOPMENT_TEAM = VWDLUM96X8;
				DYLIB_COMPATIBILITY_VERSION = 1;
				DYLIB_CURRENT_VERSION = 1;
				DYLIB_INSTALL_NAME_BASE = "@rpath";
				GENERATE_INFOPLIST_FILE = YES;
				INFOPLIST_KEY_NSHumanReadableCopyright = "";
				INSTALL_PATH = "$(LOCAL_LIBRARY_DIR)/Frameworks";
				LD_RUNPATH_SEARCH_PATHS = (
					"$(inherited)",
					"@executable_path/Frameworks",
					"@loader_path/Frameworks",
				);
				MARKETING_VERSION = 1.0;
				PRODUCT_BUNDLE_IDENTIFIER = individualStudio.StreamingKit;
				PRODUCT_NAME = "$(TARGET_NAME:c99extidentifier)";
				SKIP_INSTALL = YES;
				SWIFT_EMIT_LOC_STRINGS = YES;
				SWIFT_VERSION = 5.0;
				TARGETED_DEVICE_FAMILY = "1,2";
				VERSIONING_SYSTEM = "apple-generic";
				VERSION_INFO_PREFIX = "";
			};
			name = Release;
		};
/* End XCBuildConfiguration section */

/* Begin XCConfigurationList section */
		916BCAB4277335E0003373B9 /* Build configuration list for PBXProject "StreamingPractice" */ = {
			isa = XCConfigurationList;
			buildConfigurations = (
				916BCACB277335E6003373B9 /* Debug */,
				916BCACC277335E6003373B9 /* Release */,
			);
			defaultConfigurationIsVisible = 0;
			defaultConfigurationName = Release;
		};
		916BCACD277335E6003373B9 /* Build configuration list for PBXNativeTarget "StreamingPractice" */ = {
			isa = XCConfigurationList;
			buildConfigurations = (
				916BCACE277335E6003373B9 /* Debug */,
				916BCACF277335E6003373B9 /* Release */,
			);
			defaultConfigurationIsVisible = 0;
			defaultConfigurationName = Release;
		};
		916BCAE9277337FB003373B9 /* Build configuration list for PBXNativeTarget "StreamingKit" */ = {
			isa = XCConfigurationList;
			buildConfigurations = (
				916BCAEA277337FB003373B9 /* Debug */,
				916BCAEB277337FB003373B9 /* Release */,
			);
			defaultConfigurationIsVisible = 0;
			defaultConfigurationName = Release;
		};
/* End XCConfigurationList section */
	};
	rootObject = 916BCAB1277335E0003373B9 /* Project object */;
}
